
Microsoft Visual Studio Solution File, Format Version 12.00
# Visual Studio Version 16
VisualStudioVersion = 16.0.31911.196
MinimumVisualStudioVersion = 10.0.40219.1
Project("{FAE04EC0-301F-11D3-BF4B-00C04F79EFBC}") = "Validation.Android", "Validation\Validation.Android\Validation.Android.csproj", "{BADC7ACE-CC22-4EA3-950E-27216CFDD30F}"
EndProject
Project("{FAE04EC0-301F-11D3-BF4B-00C04F79EFBC}") = "Validation.iOS", "Validation\Validation.iOS\Validation.iOS.csproj", "{99858723-7420-4044-8064-251AC35EE91F}"
EndProject
Project("{FAE04EC0-301F-11D3-BF4B-00C04F79EFBC}") = "Validation", "Validation\Validation\Validation.csproj", "{71D631C3-BF3F-405A-8E14-15FB591606FA}"
EndProject
Global
	GlobalSection(SolutionConfigurationPlatforms) = preSolution
		Debug|Any CPU = Debug|Any CPU
		Debug|iPhone = Debug|iPhone
		Debug|iPhoneSimulator = Debug|iPhoneSimulator
		Release|Any CPU = Release|Any CPU
		Release|iPhone = Release|iPhone
		Release|iPhoneSimulator = Release|iPhoneSimulator
	EndGlobalSection
	GlobalSection(ProjectConfigurationPlatforms) = postSolution
		{BADC7ACE-CC22-4EA3-950E-27216CFDD30F}.Debug|Any CPU.ActiveCfg = Debug|Any CPU
		{BADC7ACE-CC22-4EA3-950E-27216CFDD30F}.Debug|Any CPU.Build.0 = Debug|Any CPU
		{BADC7ACE-CC22-4EA3-950E-27216CFDD30F}.Debug|Any CPU.Deploy.0 = Debug|Any CPU
		{BADC7ACE-CC22-4EA3-950E-27216CFDD30F}.Debug|iPhone.ActiveCfg = Debug|Any CPU
		{BADC7ACE-CC22-4EA3-950E-27216CFDD30F}.Debug|iPhone.Build.0 = Debug|Any CPU
		{BADC7ACE-CC22-4EA3-950E-27216CFDD30F}.Debug|iPhone.Deploy.0 = Debug|Any CPU
		{BADC7ACE-CC22-4EA3-950E-27216CFDD30F}.Debug|iPhoneSimulator.ActiveCfg = Debug|Any CPU
		{BADC7ACE-CC22-4EA3-950E-27216CFDD30F}.Debug|iPhoneSimulator.Build.0 = Debug|Any CPU
		{BADC7ACE-CC22-4EA3-950E-27216CFDD30F}.Debug|iPhoneSimulator.Deploy.0 = Debug|Any CPU
		{BADC7ACE-CC22-4EA3-950E-27216CFDD30F}.Release|Any CPU.ActiveCfg = Release|Any CPU
		{BADC7ACE-CC22-4EA3-950E-27216CFDD30F}.Release|Any CPU.Build.0 = Release|Any CPU
		{BADC7ACE-CC22-4EA3-950E-27216CFDD30F}.Release|Any CPU.Deploy.0 = Release|Any CPU
		{BADC7ACE-CC22-4EA3-950E-27216CFDD30F}.Release|iPhone.ActiveCfg = Release|Any CPU
		{BADC7ACE-CC22-4EA3-950E-27216CFDD30F}.Release|iPhone.Build.0 = Release|Any CPU
		{BADC7ACE-CC22-4EA3-950E-27216CFDD30F}.Release|iPhone.Deploy.0 = Release|Any CPU
		{BADC7ACE-CC22-4EA3-950E-27216CFDD30F}.Release|iPhoneSimulator.ActiveCfg = Release|Any CPU
		{BADC7ACE-CC22-4EA3-950E-27216CFDD30F}.Release|iPhoneSimulator.Build.0 = Release|Any CPU
		{BADC7ACE-CC22-4EA3-950E-27216CFDD30F}.Release|iPhoneSimulator.Deploy.0 = Release|Any CPU
		{99858723-7420-4044-8064-251AC35EE91F}.Debug|Any CPU.ActiveCfg = Debug|iPhone
		{99858723-7420-4044-8064-251AC35EE91F}.Debug|Any CPU.Build.0 = Debug|iPhone
		{99858723-7420-4044-8064-251AC35EE91F}.Debug|Any CPU.Deploy.0 = Debug|iPhone
		{99858723-7420-4044-8064-251AC35EE91F}.Debug|iPhone.ActiveCfg = Debug|iPhone
		{99858723-7420-4044-8064-251AC35EE91F}.Debug|iPhone.Build.0 = Debug|iPhone
		{99858723-7420-4044-8064-251AC35EE91F}.Debug|iPhone.Deploy.0 = Debug|iPhone
		{99858723-7420-4044-8064-251AC35EE91F}.Debug|iPhoneSimulator.ActiveCfg = Debug|iPhoneSimulator
		{99858723-7420-4044-8064-251AC35EE91F}.Debug|iPhoneSimulator.Build.0 = Debug|iPhoneSimulator
		{99858723-7420-4044-8064-251AC35EE91F}.Debug|iPhoneSimulator.Deploy.0 = Debug|iPhoneSimulator
		{99858723-7420-4044-8064-251AC35EE91F}.Release|Any CPU.ActiveCfg = Release|iPhoneSimulator
		{99858723-7420-4044-8064-251AC35EE91F}.Release|Any CPU.Build.0 = Release|iPhoneSimulator
		{99858723-7420-4044-8064-251AC35EE91F}.Release|Any CPU.Deploy.0 = Release|iPhoneSimulator
		{99858723-7420-4044-8064-251AC35EE91F}.Release|iPhone.ActiveCfg = Release|iPhone
		{99858723-7420-4044-8064-251AC35EE91F}.Release|iPhone.Build.0 = Release|iPhone
		{99858723-7420-4044-8064-251AC35EE91F}.Release|iPhone.Deploy.0 = Release|iPhone
		{99858723-7420-4044-8064-251AC35EE91F}.Release|iPhoneSimulator.ActiveCfg = Release|iPhoneSimulator
		{99858723-7420-4044-8064-251AC35EE91F}.Release|iPhoneSimulator.Build.0 = Release|iPhoneSimulator
		{99858723-7420-4044-8064-251AC35EE91F}.Release|iPhoneSimulator.Deploy.0 = Release|iPhoneSimulator
		{71D631C3-BF3F-405A-8E14-15FB591606FA}.Debug|Any CPU.ActiveCfg = Debug|Any CPU
		{71D631C3-BF3F-405A-8E14-15FB591606FA}.Debug|Any CPU.Build.0 = Debug|Any CPU
		{71D631C3-BF3F-405A-8E14-15FB591606FA}.Debug|Any CPU.Deploy.0 = Debug|Any CPU
		{71D631C3-BF3F-405A-8E14-15FB591606FA}.Debug|iPhone.ActiveCfg = Debug|Any CPU
		{71D631C3-BF3F-405A-8E14-15FB591606FA}.Debug|iPhone.Build.0 = Debug|Any CPU
		{71D631C3-BF3F-405A-8E14-15FB591606FA}.Debug|iPhone.Deploy.0 = Debug|Any CPU
		{71D631C3-BF3F-405A-8E14-15FB591606FA}.Debug|iPhoneSimulator.ActiveCfg = Debug|Any CPU
		{71D631C3-BF3F-405A-8E14-15FB591606FA}.Debug|iPhoneSimulator.Build.0 = Debug|Any CPU
		{71D631C3-BF3F-405A-8E14-15FB591606FA}.Debug|iPhoneSimulator.Deploy.0 = Debug|Any CPU
		{71D631C3-BF3F-405A-8E14-15FB591606FA}.Release|Any CPU.ActiveCfg = Release|Any CPU
		{71D631C3-BF3F-405A-8E14-15FB591606FA}.Release|Any CPU.Build.0 = Release|Any CPU
		{71D631C3-BF3F-405A-8E14-15FB591606FA}.Release|Any CPU.Deploy.0 = Release|Any CPU
		{71D631C3-BF3F-405A-8E14-15FB591606FA}.Release|iPhone.ActiveCfg = Release|Any CPU
		{71D631C3-BF3F-405A-8E14-15FB591606FA}.Release|iPhone.Build.0 = Release|Any CPU
		{71D631C3-BF3F-405A-8E14-15FB591606FA}.Release|iPhone.Deploy.0 = Release|Any CPU
		{71D631C3-BF3F-405A-8E14-15FB591606FA}.Release|iPhoneSimulator.ActiveCfg = Release|Any CPU
		{71D631C3-BF3F-405A-8E14-15FB591606FA}.Release|iPhoneSimulator.Build.0 = Release|Any CPU
		{71D631C3-BF3F-405A-8E14-15FB591606FA}.Release|iPhoneSimulator.Deploy.0 = Release|Any CPU
	EndGlobalSection
	GlobalSection(SolutionProperties) = preSolution
		HideSolutionNode = FALSE
	EndGlobalSection
	GlobalSection(ExtensibilityGlobals) = postSolution
		SolutionGuid = {9C4BBAA9-5D4D-4017-BB24-407E16BFA81E}
	EndGlobalSection
EndGlobal
